{
    "_readme": [
        "This file locks the dependencies of your project to a known state",
        "Read more about it at https://getcomposer.org/doc/01-basic-usage.md#composer-lock-the-lock-file",
        "This file is @generated automatically"
    ],
    "content-hash": "55de2b92822bb4ea30316342001b057c",
    "packages": [
        {
            "name": "edsdk/file-uploader-server-php",
            "version": "1.0.8",
            "source": {
                "type": "git",
                "url": "https://github.com/edsdk/file-uploader-server-php.git",
                "reference": "476e6ed2bca88877d9d3dc48cf7f21bd04c2b43f"
            },
            "dist": {
                "type": "zip",
                "url": "https://api.github.com/repos/edsdk/file-uploader-server-php/zipball/476e6ed2bca88877d9d3dc48cf7f21bd04c2b43f",
                "reference": "476e6ed2bca88877d9d3dc48cf7f21bd04c2b43f",
                "shasum": ""
            },
            "type": "library",
            "autoload": {
                "psr-4": {
                    "EdSDK\\FileUploaderServer\\": "src/"
                }
            },
            "notification-url": "https://packagist.org/downloads/",
            "license": [
                "proprietary"
            ],
            "authors": [
                {
                    "name": "EdSDK",
                    "email": "edsdk@edsdk.com"
                }
            ],
            "description": "PHP uploader for EdSDK products",
            "homepage": "https://imgpen.com",
            "keywords": [
                "file",
                "image",
                "imgpen",
                "server",
                "upload"
            ],
            "time": "2019-08-21T09:26:14+00:00"
        }
    ],
    "packages-dev": [],
    "aliases": [],
    "minimum-stability": "stable",
    "stability-flags": [],
    "prefer-stable": false,
    "prefer-lowest": false,
    "platform": {
        "ext-gd": "*",
        "ext-curl": "*",
        "ext-json": "*"
    },
    "platform-dev": []
}
