{
    "_readme": [
        "This file locks the dependencies of your project to a known state",
        "Read more about it at https://getcomposer.org/doc/01-basic-usage.md#installing-dependencies",
        "This file is @generated automatically"
    ],
    "content-hash": "dd4c13c5843e0afdc56efc842217923f",
    "packages": [
        {
            "name": "edsdk/file-uploader-server-php",
            "version": "1.0.12",
            "source": {
                "type": "git",
                "url": "https://github.com/edsdk/file-uploader-server-php.git",
                "reference": "84c2946fd9ee93a595d370ecde9c78b6a396e87d"
            },
            "dist": {
                "type": "zip",
                "url": "https://api.github.com/repos/edsdk/file-uploader-server-php/zipball/84c2946fd9ee93a595d370ecde9c78b6a396e87d",
                "reference": "84c2946fd9ee93a595d370ecde9c78b6a396e87d",
                "shasum": ""
            },
            "type": "library",
            "autoload": {
                "psr-4": {
                    "EdSDK\\FileUploaderServer\\": "src/"
                }
            },
            "notification-url": "https://packagist.org/downloads/",
            "license": [
                "proprietary"
            ],
            "authors": [
                {
                    "name": "EdSDK",
                    "email": "edsdk@edsdk.com"
                }
            ],
            "description": "PHP uploader for EdSDK products",
            "homepage": "https://imgpen.com",
            "keywords": [
                "file",
                "image",
                "imgpen",
                "server",
                "upload"
            ],
            "time": "2020-02-26T13:01:31+00:00"
        }
    ],
    "packages-dev": [],
    "aliases": [],
    "minimum-stability": "stable",
    "stability-flags": [],
    "prefer-stable": false,
    "prefer-lowest": false,
    "platform": {
        "ext-gd": "*",
        "ext-curl": "*",
        "ext-json": "*"
    },
    "platform-dev": []
}
