{
    "_readme": [
        "This file locks the dependencies of your project to a known state",
        "Read more about it at https://getcomposer.org/doc/01-basic-usage.md#composer-lock-the-lock-file",
        "This file is @generated automatically"
    ],
    "content-hash": "1ca3a904adfcf3362ccbdf558b7e0f03",
    "packages": [
        {
            "name": "edsdk/file-uploader-server-php",
            "version": "dev-master",
            "source": {
                "type": "git",
                "url": "https://github.com/edsdk/file-uploader-server-php.git",
                "reference": "4591d411abefd3fef5c75dbdaed8781a808d5f85"
            },
            "dist": {
                "type": "zip",
                "url": "https://api.github.com/repos/edsdk/file-uploader-server-php/zipball/4591d411abefd3fef5c75dbdaed8781a808d5f85",
                "reference": "4591d411abefd3fef5c75dbdaed8781a808d5f85",
                "shasum": ""
            },
            "type": "library",
            "autoload": {
                "psr-0": {
                    "EdSDK": "src"
                }
            },
            "notification-url": "https://packagist.org/downloads/",
            "license": [
                "proprietary"
            ],
            "authors": [
                {
                    "name": "EdSDK",
                    "email": "edsdk@edsdk.com"
                }
            ],
            "description": "PHP uploader for EdSDK products",
            "homepage": "https://imgpen.com",
            "keywords": [
                "file",
                "image",
                "imgpen",
                "server",
                "upload"
            ],
            "time": "2019-03-07T12:07:40+00:00"
        }
    ],
    "packages-dev": [],
    "aliases": [],
    "minimum-stability": "dev",
    "stability-flags": [],
    "prefer-stable": false,
    "prefer-lowest": false,
    "platform": [],
    "platform-dev": []
}
